
Microsoft Visual Studio Solution File, Format Version 12.00
# Visual Studio Version 17
VisualStudioVersion = 17.5.33530.505
MinimumVisualStudioVersion = 10.0.40219.1
Project("{FAE04EC0-301F-11D3-BF4B-00C04F79EFBC}") = "Project TaskManager", "Project TaskManager\Project TaskManager.csproj", "{CF584996-53AD-4B6F-8579-55E0E19F3175}"
EndProject
Project("{FAE04EC0-301F-11D3-BF4B-00C04F79EFBC}") = "TestProject", "TestProject\TestProject.csproj", "{DAA7FCC9-8AD1-4EC2-86BD-5D6379646FDB}"
EndProject
Global
	GlobalSection(SolutionConfigurationPlatforms) = preSolution
		Debug|Any CPU = Debug|Any CPU
		Release|Any CPU = Release|Any CPU
	EndGlobalSection
	GlobalSection(ProjectConfigurationPlatforms) = postSolution
		{CF584996-53AD-4B6F-8579-55E0E19F3175}.Debug|Any CPU.ActiveCfg = Debug|Any CPU
		{CF584996-53AD-4B6F-8579-55E0E19F3175}.Debug|Any CPU.Build.0 = Debug|Any CPU
		{CF584996-53AD-4B6F-8579-55E0E19F3175}.Release|Any CPU.ActiveCfg = Release|Any CPU
		{CF584996-53AD-4B6F-8579-55E0E19F3175}.Release|Any CPU.Build.0 = Release|Any CPU
		{DAA7FCC9-8AD1-4EC2-86BD-5D6379646FDB}.Debug|Any CPU.ActiveCfg = Debug|Any CPU
		{DAA7FCC9-8AD1-4EC2-86BD-5D6379646FDB}.Debug|Any CPU.Build.0 = Debug|Any CPU
		{DAA7FCC9-8AD1-4EC2-86BD-5D6379646FDB}.Release|Any CPU.ActiveCfg = Release|Any CPU
		{DAA7FCC9-8AD1-4EC2-86BD-5D6379646FDB}.Release|Any CPU.Build.0 = Release|Any CPU
	EndGlobalSection
	GlobalSection(SolutionProperties) = preSolution
		HideSolutionNode = FALSE
	EndGlobalSection
	GlobalSection(ExtensibilityGlobals) = postSolution
		SolutionGuid = {0477DAE4-25BE-46AB-928A-D9A451039334}
	EndGlobalSection
EndGlobal
